
Microsoft Visual Studio Solution File, Format Version 12.00
# Visual Studio 15
VisualStudioVersion = 15.0.28010.2048
MinimumVisualStudioVersion = 10.0.40219.1
Project("{FAE04EC0-301F-11D3-BF4B-00C04F79EFBC}") = "Course Registration System", "Course Registration System\Course Registration System.csproj", "{5833C1DA-9A2B-4FDD-B54D-27616AE715B3}"
EndProject
Global
	GlobalSection(SolutionConfigurationPlatforms) = preSolution
		Debug|Any CPU = Debug|Any CPU
		Release|Any CPU = Release|Any CPU
	EndGlobalSection
	GlobalSection(ProjectConfigurationPlatforms) = postSolution
		{5833C1DA-9A2B-4FDD-B54D-27616AE715B3}.Debug|Any CPU.ActiveCfg = Debug|Any CPU
		{5833C1DA-9A2B-4FDD-B54D-27616AE715B3}.Debug|Any CPU.Build.0 = Debug|Any CPU
		{5833C1DA-9A2B-4FDD-B54D-27616AE715B3}.Release|Any CPU.ActiveCfg = Release|Any CPU
		{5833C1DA-9A2B-4FDD-B54D-27616AE715B3}.Release|Any CPU.Build.0 = Release|Any CPU
	EndGlobalSection
	GlobalSection(SolutionProperties) = preSolution
		HideSolutionNode = FALSE
	EndGlobalSection
	GlobalSection(ExtensibilityGlobals) = postSolution
		SolutionGuid = {321DF154-8235-40DE-B12B-0D4621A93581}
	EndGlobalSection
EndGlobal
